
Microsoft Visual Studio Solution File, Format Version 12.00
# Visual Studio Version 17
VisualStudioVersion = 17.3.32825.248
MinimumVisualStudioVersion = 10.0.40219.1
Project("{2150E333-8FDC-42A3-9474-1A3956D46DE8}") = "Services", "Services", "{63DED68D-41E8-41AF-9962-931F32E78198}"
EndProject
Project("{2150E333-8FDC-42A3-9474-1A3956D46DE8}") = "Catalog", "Catalog", "{D961225F-6907-4CF7-A1F9-65E1B84DB02E}"
EndProject
Project("{FAE04EC0-301F-11D3-BF4B-00C04F79EFBC}") = "Catalog.API", "Services\Catalog\Catalog.API\Catalog.API.csproj", "{3A8C240B-3524-4F6D-A590-14B14150A010}"
EndProject
Global
	GlobalSection(SolutionConfigurationPlatforms) = preSolution
		Debug|Any CPU = Debug|Any CPU
		Release|Any CPU = Release|Any CPU
	EndGlobalSection
	GlobalSection(ProjectConfigurationPlatforms) = postSolution
		{3A8C240B-3524-4F6D-A590-14B14150A010}.Debug|Any CPU.ActiveCfg = Debug|Any CPU
		{3A8C240B-3524-4F6D-A590-14B14150A010}.Debug|Any CPU.Build.0 = Debug|Any CPU
		{3A8C240B-3524-4F6D-A590-14B14150A010}.Release|Any CPU.ActiveCfg = Release|Any CPU
		{3A8C240B-3524-4F6D-A590-14B14150A010}.Release|Any CPU.Build.0 = Release|Any CPU
	EndGlobalSection
	GlobalSection(SolutionProperties) = preSolution
		HideSolutionNode = FALSE
	EndGlobalSection
	GlobalSection(NestedProjects) = preSolution
		{D961225F-6907-4CF7-A1F9-65E1B84DB02E} = {63DED68D-41E8-41AF-9962-931F32E78198}
		{3A8C240B-3524-4F6D-A590-14B14150A010} = {D961225F-6907-4CF7-A1F9-65E1B84DB02E}
	EndGlobalSection
	GlobalSection(ExtensibilityGlobals) = postSolution
		SolutionGuid = {2C51F249-560A-4040-B335-0CF165BAAA89}
	EndGlobalSection
EndGlobal
